
Microsoft Visual Studio Solution File, Format Version 12.00
# Visual Studio Version 17
VisualStudioVersion = 17.0.32126.317
MinimumVisualStudioVersion = 10.0.40219.1
Project("{FAE04EC0-301F-11D3-BF4B-00C04F79EFBC}") = "Cross_Page_Binding.UWP", "Cross_Page_Binding.UWP\Cross_Page_Binding.UWP.csproj", "{52DAEFBF-0F14-4E17-8946-2D4ED5F1FF1B}"
EndProject
Project("{FAE04EC0-301F-11D3-BF4B-00C04F79EFBC}") = "Cross_Page_Binding.Android", "Cross_Page_Binding.Android\Cross_Page_Binding.Android.csproj", "{F7465717-F289-4764-B982-5E54F2A87257}"
EndProject
Project("{FAE04EC0-301F-11D3-BF4B-00C04F79EFBC}") = "Cross_Page_Binding.iOS", "Cross_Page_Binding.iOS\Cross_Page_Binding.iOS.csproj", "{D0B01569-9F33-4A6F-B366-39340BD23D2A}"
EndProject
Project("{FAE04EC0-301F-11D3-BF4B-00C04F79EFBC}") = "Cross_Page_Binding", "Cross_Page_Binding\Cross_Page_Binding.csproj", "{5EDDAB3B-224E-4173-A3DA-EC6E191EFE3F}"
EndProject
Global
	GlobalSection(SolutionConfigurationPlatforms) = preSolution
		Debug|Any CPU = Debug|Any CPU
		Debug|ARM = Debug|ARM
		Debug|iPhone = Debug|iPhone
		Debug|iPhoneSimulator = Debug|iPhoneSimulator
		Debug|x64 = Debug|x64
		Debug|x86 = Debug|x86
		Release|Any CPU = Release|Any CPU
		Release|ARM = Release|ARM
		Release|iPhone = Release|iPhone
		Release|iPhoneSimulator = Release|iPhoneSimulator
		Release|x64 = Release|x64
		Release|x86 = Release|x86
	EndGlobalSection
	GlobalSection(ProjectConfigurationPlatforms) = postSolution
		{52DAEFBF-0F14-4E17-8946-2D4ED5F1FF1B}.Debug|Any CPU.ActiveCfg = Debug|x64
		{52DAEFBF-0F14-4E17-8946-2D4ED5F1FF1B}.Debug|Any CPU.Build.0 = Debug|x64
		{52DAEFBF-0F14-4E17-8946-2D4ED5F1FF1B}.Debug|Any CPU.Deploy.0 = Debug|x64
		{52DAEFBF-0F14-4E17-8946-2D4ED5F1FF1B}.Debug|ARM.ActiveCfg = Debug|ARM
		{52DAEFBF-0F14-4E17-8946-2D4ED5F1FF1B}.Debug|ARM.Build.0 = Debug|ARM
		{52DAEFBF-0F14-4E17-8946-2D4ED5F1FF1B}.Debug|ARM.Deploy.0 = Debug|ARM
		{52DAEFBF-0F14-4E17-8946-2D4ED5F1FF1B}.Debug|iPhone.ActiveCfg = Debug|x64
		{52DAEFBF-0F14-4E17-8946-2D4ED5F1FF1B}.Debug|iPhone.Build.0 = Debug|x64
		{52DAEFBF-0F14-4E17-8946-2D4ED5F1FF1B}.Debug|iPhone.Deploy.0 = Debug|x64
		{52DAEFBF-0F14-4E17-8946-2D4ED5F1FF1B}.Debug|iPhoneSimulator.ActiveCfg = Debug|x64
		{52DAEFBF-0F14-4E17-8946-2D4ED5F1FF1B}.Debug|iPhoneSimulator.Build.0 = Debug|x64
		{52DAEFBF-0F14-4E17-8946-2D4ED5F1FF1B}.Debug|iPhoneSimulator.Deploy.0 = Debug|x64
		{52DAEFBF-0F14-4E17-8946-2D4ED5F1FF1B}.Debug|x64.ActiveCfg = Debug|x64
		{52DAEFBF-0F14-4E17-8946-2D4ED5F1FF1B}.Debug|x64.Build.0 = Debug|x64
		{52DAEFBF-0F14-4E17-8946-2D4ED5F1FF1B}.Debug|x64.Deploy.0 = Debug|x64
		{52DAEFBF-0F14-4E17-8946-2D4ED5F1FF1B}.Debug|x86.ActiveCfg = Debug|x86
		{52DAEFBF-0F14-4E17-8946-2D4ED5F1FF1B}.Debug|x86.Build.0 = Debug|x86
		{52DAEFBF-0F14-4E17-8946-2D4ED5F1FF1B}.Debug|x86.Deploy.0 = Debug|x86
		{52DAEFBF-0F14-4E17-8946-2D4ED5F1FF1B}.Release|Any CPU.ActiveCfg = Release|x64
		{52DAEFBF-0F14-4E17-8946-2D4ED5F1FF1B}.Release|Any CPU.Build.0 = Release|x64
		{52DAEFBF-0F14-4E17-8946-2D4ED5F1FF1B}.Release|Any CPU.Deploy.0 = Release|x64
		{52DAEFBF-0F14-4E17-8946-2D4ED5F1FF1B}.Release|ARM.ActiveCfg = Release|ARM
		{52DAEFBF-0F14-4E17-8946-2D4ED5F1FF1B}.Release|ARM.Build.0 = Release|ARM
		{52DAEFBF-0F14-4E17-8946-2D4ED5F1FF1B}.Release|ARM.Deploy.0 = Release|ARM
		{52DAEFBF-0F14-4E17-8946-2D4ED5F1FF1B}.Release|iPhone.ActiveCfg = Release|x64
		{52DAEFBF-0F14-4E17-8946-2D4ED5F1FF1B}.Release|iPhone.Build.0 = Release|x64
		{52DAEFBF-0F14-4E17-8946-2D4ED5F1FF1B}.Release|iPhone.Deploy.0 = Release|x64
		{52DAEFBF-0F14-4E17-8946-2D4ED5F1FF1B}.Release|iPhoneSimulator.ActiveCfg = Release|x64
		{52DAEFBF-0F14-4E17-8946-2D4ED5F1FF1B}.Release|iPhoneSimulator.Build.0 = Release|x64
		{52DAEFBF-0F14-4E17-8946-2D4ED5F1FF1B}.Release|iPhoneSimulator.Deploy.0 = Release|x64
		{52DAEFBF-0F14-4E17-8946-2D4ED5F1FF1B}.Release|x64.ActiveCfg = Release|x64
		{52DAEFBF-0F14-4E17-8946-2D4ED5F1FF1B}.Release|x64.Build.0 = Release|x64
		{52DAEFBF-0F14-4E17-8946-2D4ED5F1FF1B}.Release|x64.Deploy.0 = Release|x64
		{52DAEFBF-0F14-4E17-8946-2D4ED5F1FF1B}.Release|x86.ActiveCfg = Release|x86
		{52DAEFBF-0F14-4E17-8946-2D4ED5F1FF1B}.Release|x86.Build.0 = Release|x86
		{52DAEFBF-0F14-4E17-8946-2D4ED5F1FF1B}.Release|x86.Deploy.0 = Release|x86
		{F7465717-F289-4764-B982-5E54F2A87257}.Debug|Any CPU.ActiveCfg = Debug|Any CPU
		{F7465717-F289-4764-B982-5E54F2A87257}.Debug|Any CPU.Build.0 = Debug|Any CPU
		{F7465717-F289-4764-B982-5E54F2A87257}.Debug|Any CPU.Deploy.0 = Debug|Any CPU
		{F7465717-F289-4764-B982-5E54F2A87257}.Debug|ARM.ActiveCfg = Debug|Any CPU
		{F7465717-F289-4764-B982-5E54F2A87257}.Debug|ARM.Build.0 = Debug|Any CPU
		{F7465717-F289-4764-B982-5E54F2A87257}.Debug|ARM.Deploy.0 = Debug|Any CPU
		{F7465717-F289-4764-B982-5E54F2A87257}.Debug|iPhone.ActiveCfg = Debug|Any CPU
		{F7465717-F289-4764-B982-5E54F2A87257}.Debug|iPhone.Build.0 = Debug|Any CPU
		{F7465717-F289-4764-B982-5E54F2A87257}.Debug|iPhone.Deploy.0 = Debug|Any CPU
		{F7465717-F289-4764-B982-5E54F2A87257}.Debug|iPhoneSimulator.ActiveCfg = Debug|Any CPU
		{F7465717-F289-4764-B982-5E54F2A87257}.Debug|iPhoneSimulator.Build.0 = Debug|Any CPU
		{F7465717-F289-4764-B982-5E54F2A87257}.Debug|iPhoneSimulator.Deploy.0 = Debug|Any CPU
		{F7465717-F289-4764-B982-5E54F2A87257}.Debug|x64.ActiveCfg = Debug|Any CPU
		{F7465717-F289-4764-B982-5E54F2A87257}.Debug|x64.Build.0 = Debug|Any CPU
		{F7465717-F289-4764-B982-5E54F2A87257}.Debug|x64.Deploy.0 = Debug|Any CPU
		{F7465717-F289-4764-B982-5E54F2A87257}.Debug|x86.ActiveCfg = Debug|Any CPU
		{F7465717-F289-4764-B982-5E54F2A87257}.Debug|x86.Build.0 = Debug|Any CPU
		{F7465717-F289-4764-B982-5E54F2A87257}.Debug|x86.Deploy.0 = Debug|Any CPU
		{F7465717-F289-4764-B982-5E54F2A87257}.Release|Any CPU.ActiveCfg = Release|Any CPU
		{F7465717-F289-4764-B982-5E54F2A87257}.Release|Any CPU.Build.0 = Release|Any CPU
		{F7465717-F289-4764-B982-5E54F2A87257}.Release|Any CPU.Deploy.0 = Release|Any CPU
		{F7465717-F289-4764-B982-5E54F2A87257}.Release|ARM.ActiveCfg = Release|Any CPU
		{F7465717-F289-4764-B982-5E54F2A87257}.Release|ARM.Build.0 = Release|Any CPU
		{F7465717-F289-4764-B982-5E54F2A87257}.Release|ARM.Deploy.0 = Release|Any CPU
		{F7465717-F289-4764-B982-5E54F2A87257}.Release|iPhone.ActiveCfg = Release|Any CPU
		{F7465717-F289-4764-B982-5E54F2A87257}.Release|iPhone.Build.0 = Release|Any CPU
		{F7465717-F289-4764-B982-5E54F2A87257}.Release|iPhone.Deploy.0 = Release|Any CPU
		{F7465717-F289-4764-B982-5E54F2A87257}.Release|iPhoneSimulator.ActiveCfg = Release|Any CPU
		{F7465717-F289-4764-B982-5E54F2A87257}.Release|iPhoneSimulator.Build.0 = Release|Any CPU
		{F7465717-F289-4764-B982-5E54F2A87257}.Release|iPhoneSimulator.Deploy.0 = Release|Any CPU
		{F7465717-F289-4764-B982-5E54F2A87257}.Release|x64.ActiveCfg = Release|Any CPU
		{F7465717-F289-4764-B982-5E54F2A87257}.Release|x64.Build.0 = Release|Any CPU
		{F7465717-F289-4764-B982-5E54F2A87257}.Release|x64.Deploy.0 = Release|Any CPU
		{F7465717-F289-4764-B982-5E54F2A87257}.Release|x86.ActiveCfg = Release|Any CPU
		{F7465717-F289-4764-B982-5E54F2A87257}.Release|x86.Build.0 = Release|Any CPU
		{F7465717-F289-4764-B982-5E54F2A87257}.Release|x86.Deploy.0 = Release|Any CPU
		{D0B01569-9F33-4A6F-B366-39340BD23D2A}.Debug|Any CPU.ActiveCfg = Debug|iPhoneSimulator
		{D0B01569-9F33-4A6F-B366-39340BD23D2A}.Debug|Any CPU.Build.0 = Debug|iPhoneSimulator
		{D0B01569-9F33-4A6F-B366-39340BD23D2A}.Debug|Any CPU.Deploy.0 = Debug|iPhoneSimulator
		{D0B01569-9F33-4A6F-B366-39340BD23D2A}.Debug|ARM.ActiveCfg = Debug|iPhoneSimulator
		{D0B01569-9F33-4A6F-B366-39340BD23D2A}.Debug|ARM.Build.0 = Debug|iPhoneSimulator
		{D0B01569-9F33-4A6F-B366-39340BD23D2A}.Debug|ARM.Deploy.0 = Debug|iPhoneSimulator
		{D0B01569-9F33-4A6F-B366-39340BD23D2A}.Debug|iPhone.ActiveCfg = Debug|iPhone
		{D0B01569-9F33-4A6F-B366-39340BD23D2A}.Debug|iPhone.Build.0 = Debug|iPhone
		{D0B01569-9F33-4A6F-B366-39340BD23D2A}.Debug|iPhone.Deploy.0 = Debug|iPhone
		{D0B01569-9F33-4A6F-B366-39340BD23D2A}.Debug|iPhoneSimulator.ActiveCfg = Debug|iPhoneSimulator
		{D0B01569-9F33-4A6F-B366-39340BD23D2A}.Debug|iPhoneSimulator.Build.0 = Debug|iPhoneSimulator
		{D0B01569-9F33-4A6F-B366-39340BD23D2A}.Debug|iPhoneSimulator.Deploy.0 = Debug|iPhoneSimulator
		{D0B01569-9F33-4A6F-B366-39340BD23D2A}.Debug|x64.ActiveCfg = Debug|iPhone
		{D0B01569-9F33-4A6F-B366-39340BD23D2A}.Debug|x64.Build.0 = Debug|iPhone
		{D0B01569-9F33-4A6F-B366-39340BD23D2A}.Debug|x64.Deploy.0 = Debug|iPhone
		{D0B01569-9F33-4A6F-B366-39340BD23D2A}.Debug|x86.ActiveCfg = Debug|iPhoneSimulator
		{D0B01569-9F33-4A6F-B366-39340BD23D2A}.Debug|x86.Build.0 = Debug|iPhoneSimulator
		{D0B01569-9F33-4A6F-B366-39340BD23D2A}.Debug|x86.Deploy.0 = Debug|iPhoneSimulator
		{D0B01569-9F33-4A6F-B366-39340BD23D2A}.Release|Any CPU.ActiveCfg = Release|iPhoneSimulator
		{D0B01569-9F33-4A6F-B366-39340BD23D2A}.Release|Any CPU.Build.0 = Release|iPhoneSimulator
		{D0B01569-9F33-4A6F-B366-39340BD23D2A}.Release|Any CPU.Deploy.0 = Release|iPhoneSimulator
		{D0B01569-9F33-4A6F-B366-39340BD23D2A}.Release|ARM.ActiveCfg = Release|iPhoneSimulator
		{D0B01569-9F33-4A6F-B366-39340BD23D2A}.Release|ARM.Build.0 = Release|iPhoneSimulator
		{D0B01569-9F33-4A6F-B366-39340BD23D2A}.Release|ARM.Deploy.0 = Release|iPhoneSimulator
		{D0B01569-9F33-4A6F-B366-39340BD23D2A}.Release|iPhone.ActiveCfg = Release|iPhone
		{D0B01569-9F33-4A6F-B366-39340BD23D2A}.Release|iPhone.Build.0 = Release|iPhone
		{D0B01569-9F33-4A6F-B366-39340BD23D2A}.Release|iPhone.Deploy.0 = Release|iPhone
		{D0B01569-9F33-4A6F-B366-39340BD23D2A}.Release|iPhoneSimulator.ActiveCfg = Release|iPhoneSimulator
		{D0B01569-9F33-4A6F-B366-39340BD23D2A}.Release|iPhoneSimulator.Build.0 = Release|iPhoneSimulator
		{D0B01569-9F33-4A6F-B366-39340BD23D2A}.Release|iPhoneSimulator.Deploy.0 = Release|iPhoneSimulator
		{D0B01569-9F33-4A6F-B366-39340BD23D2A}.Release|x64.ActiveCfg = Release|iPhoneSimulator
		{D0B01569-9F33-4A6F-B366-39340BD23D2A}.Release|x64.Build.0 = Release|iPhoneSimulator
		{D0B01569-9F33-4A6F-B366-39340BD23D2A}.Release|x64.Deploy.0 = Release|iPhoneSimulator
		{D0B01569-9F33-4A6F-B366-39340BD23D2A}.Release|x86.ActiveCfg = Release|iPhoneSimulator
		{D0B01569-9F33-4A6F-B366-39340BD23D2A}.Release|x86.Build.0 = Release|iPhoneSimulator
		{D0B01569-9F33-4A6F-B366-39340BD23D2A}.Release|x86.Deploy.0 = Release|iPhoneSimulator
		{5EDDAB3B-224E-4173-A3DA-EC6E191EFE3F}.Debug|Any CPU.ActiveCfg = Debug|Any CPU
		{5EDDAB3B-224E-4173-A3DA-EC6E191EFE3F}.Debug|Any CPU.Build.0 = Debug|Any CPU
		{5EDDAB3B-224E-4173-A3DA-EC6E191EFE3F}.Debug|Any CPU.Deploy.0 = Debug|Any CPU
		{5EDDAB3B-224E-4173-A3DA-EC6E191EFE3F}.Debug|ARM.ActiveCfg = Debug|Any CPU
		{5EDDAB3B-224E-4173-A3DA-EC6E191EFE3F}.Debug|ARM.Build.0 = Debug|Any CPU
		{5EDDAB3B-224E-4173-A3DA-EC6E191EFE3F}.Debug|ARM.Deploy.0 = Debug|Any CPU
		{5EDDAB3B-224E-4173-A3DA-EC6E191EFE3F}.Debug|iPhone.ActiveCfg = Debug|Any CPU
		{5EDDAB3B-224E-4173-A3DA-EC6E191EFE3F}.Debug|iPhone.Build.0 = Debug|Any CPU
		{5EDDAB3B-224E-4173-A3DA-EC6E191EFE3F}.Debug|iPhone.Deploy.0 = Debug|Any CPU
		{5EDDAB3B-224E-4173-A3DA-EC6E191EFE3F}.Debug|iPhoneSimulator.ActiveCfg = Debug|Any CPU
		{5EDDAB3B-224E-4173-A3DA-EC6E191EFE3F}.Debug|iPhoneSimulator.Build.0 = Debug|Any CPU
		{5EDDAB3B-224E-4173-A3DA-EC6E191EFE3F}.Debug|iPhoneSimulator.Deploy.0 = Debug|Any CPU
		{5EDDAB3B-224E-4173-A3DA-EC6E191EFE3F}.Debug|x64.ActiveCfg = Debug|Any CPU
		{5EDDAB3B-224E-4173-A3DA-EC6E191EFE3F}.Debug|x64.Build.0 = Debug|Any CPU
		{5EDDAB3B-224E-4173-A3DA-EC6E191EFE3F}.Debug|x64.Deploy.0 = Debug|Any CPU
		{5EDDAB3B-224E-4173-A3DA-EC6E191EFE3F}.Debug|x86.ActiveCfg = Debug|Any CPU
		{5EDDAB3B-224E-4173-A3DA-EC6E191EFE3F}.Debug|x86.Build.0 = Debug|Any CPU
		{5EDDAB3B-224E-4173-A3DA-EC6E191EFE3F}.Debug|x86.Deploy.0 = Debug|Any CPU
		{5EDDAB3B-224E-4173-A3DA-EC6E191EFE3F}.Release|Any CPU.ActiveCfg = Release|Any CPU
		{5EDDAB3B-224E-4173-A3DA-EC6E191EFE3F}.Release|Any CPU.Build.0 = Release|Any CPU
		{5EDDAB3B-224E-4173-A3DA-EC6E191EFE3F}.Release|Any CPU.Deploy.0 = Release|Any CPU
		{5EDDAB3B-224E-4173-A3DA-EC6E191EFE3F}.Release|ARM.ActiveCfg = Release|Any CPU
		{5EDDAB3B-224E-4173-A3DA-EC6E191EFE3F}.Release|ARM.Build.0 = Release|Any CPU
		{5EDDAB3B-224E-4173-A3DA-EC6E191EFE3F}.Release|ARM.Deploy.0 = Release|Any CPU
		{5EDDAB3B-224E-4173-A3DA-EC6E191EFE3F}.Release|iPhone.ActiveCfg = Release|Any CPU
		{5EDDAB3B-224E-4173-A3DA-EC6E191EFE3F}.Release|iPhone.Build.0 = Release|Any CPU
		{5EDDAB3B-224E-4173-A3DA-EC6E191EFE3F}.Release|iPhone.Deploy.0 = Release|Any CPU
		{5EDDAB3B-224E-4173-A3DA-EC6E191EFE3F}.Release|iPhoneSimulator.ActiveCfg = Release|Any CPU
		{5EDDAB3B-224E-4173-A3DA-EC6E191EFE3F}.Release|iPhoneSimulator.Build.0 = Release|Any CPU
		{5EDDAB3B-224E-4173-A3DA-EC6E191EFE3F}.Release|iPhoneSimulator.Deploy.0 = Release|Any CPU
		{5EDDAB3B-224E-4173-A3DA-EC6E191EFE3F}.Release|x64.ActiveCfg = Release|Any CPU
		{5EDDAB3B-224E-4173-A3DA-EC6E191EFE3F}.Release|x64.Build.0 = Release|Any CPU
		{5EDDAB3B-224E-4173-A3DA-EC6E191EFE3F}.Release|x64.Deploy.0 = Release|Any CPU
		{5EDDAB3B-224E-4173-A3DA-EC6E191EFE3F}.Release|x86.ActiveCfg = Release|Any CPU
		{5EDDAB3B-224E-4173-A3DA-EC6E191EFE3F}.Release|x86.Build.0 = Release|Any CPU
		{5EDDAB3B-224E-4173-A3DA-EC6E191EFE3F}.Release|x86.Deploy.0 = Release|Any CPU
	EndGlobalSection
	GlobalSection(SolutionProperties) = preSolution
		HideSolutionNode = FALSE
	EndGlobalSection
	GlobalSection(ExtensibilityGlobals) = postSolution
		SolutionGuid = {7876AEB4-8FCA-4295-8A2C-A2DE19A6F9F9}
	EndGlobalSection
EndGlobal
